
Microsoft Visual Studio Solution File, Format Version 12.00
# Visual Studio 14
VisualStudioVersion = 14.0.25420.1
MinimumVisualStudioVersion = 10.0.40219.1
Project("{8BC9CEB8-8B4A-11D0-8D11-00A0C91BC942}") = "Core", "Core\Core.vcxproj", "{272D965D-D886-464D-9FF6-0DF8C2F06767}"
EndProject
Project("{8BC9CEB8-8B4A-11D0-8D11-00A0C91BC942}") = "CoreUnitTests", "CoreUnitTests\CoreUnitTests.vcxproj", "{84135035-5390-436B-B1E7-ECFECAF60C56}"
EndProject
Project("{8BC9CEB8-8B4A-11D0-8D11-00A0C91BC942}") = "Main", "Main\Main.vcxproj", "{9017ED2B-83A3-41C4-887D-9B35A55766A7}"
EndProject
Global
	GlobalSection(SolutionConfigurationPlatforms) = preSolution
		Debug|x64 = Debug|x64
		Debug|x86 = Debug|x86
		Release|x64 = Release|x64
		Release|x86 = Release|x86
	EndGlobalSection
	GlobalSection(ProjectConfigurationPlatforms) = postSolution
		{272D965D-D886-464D-9FF6-0DF8C2F06767}.Debug|x64.ActiveCfg = Debug|x64
		{272D965D-D886-464D-9FF6-0DF8C2F06767}.Debug|x64.Build.0 = Debug|x64
		{272D965D-D886-464D-9FF6-0DF8C2F06767}.Debug|x86.ActiveCfg = Debug|Win32
		{272D965D-D886-464D-9FF6-0DF8C2F06767}.Debug|x86.Build.0 = Debug|Win32
		{272D965D-D886-464D-9FF6-0DF8C2F06767}.Release|x64.ActiveCfg = Release|x64
		{272D965D-D886-464D-9FF6-0DF8C2F06767}.Release|x64.Build.0 = Release|x64
		{272D965D-D886-464D-9FF6-0DF8C2F06767}.Release|x86.ActiveCfg = Release|Win32
		{272D965D-D886-464D-9FF6-0DF8C2F06767}.Release|x86.Build.0 = Release|Win32
		{84135035-5390-436B-B1E7-ECFECAF60C56}.Debug|x64.ActiveCfg = Debug|x64
		{84135035-5390-436B-B1E7-ECFECAF60C56}.Debug|x64.Build.0 = Debug|x64
		{84135035-5390-436B-B1E7-ECFECAF60C56}.Debug|x86.ActiveCfg = Debug|Win32
		{84135035-5390-436B-B1E7-ECFECAF60C56}.Debug|x86.Build.0 = Debug|Win32
		{84135035-5390-436B-B1E7-ECFECAF60C56}.Release|x64.ActiveCfg = Release|x64
		{84135035-5390-436B-B1E7-ECFECAF60C56}.Release|x64.Build.0 = Release|x64
		{84135035-5390-436B-B1E7-ECFECAF60C56}.Release|x86.ActiveCfg = Release|Win32
		{9017ED2B-83A3-41C4-887D-9B35A55766A7}.Debug|x64.ActiveCfg = Debug|x64
		{9017ED2B-83A3-41C4-887D-9B35A55766A7}.Debug|x64.Build.0 = Debug|x64
		{9017ED2B-83A3-41C4-887D-9B35A55766A7}.Debug|x86.ActiveCfg = Debug|Win32
		{9017ED2B-83A3-41C4-887D-9B35A55766A7}.Debug|x86.Build.0 = Debug|Win32
		{9017ED2B-83A3-41C4-887D-9B35A55766A7}.Release|x64.ActiveCfg = Release|x64
		{9017ED2B-83A3-41C4-887D-9B35A55766A7}.Release|x64.Build.0 = Release|x64
		{9017ED2B-83A3-41C4-887D-9B35A55766A7}.Release|x86.ActiveCfg = Release|Win32
		{9017ED2B-83A3-41C4-887D-9B35A55766A7}.Release|x86.Build.0 = Release|Win32
	EndGlobalSection
	GlobalSection(SolutionProperties) = preSolution
		HideSolutionNode = FALSE
	EndGlobalSection
EndGlobal
